
Microsoft Visual Studio Solution File, Format Version 12.00
# Visual Studio Version 17
VisualStudioVersion = 17.2.32526.322
MinimumVisualStudioVersion = 10.0.40219.1
Project("{FAE04EC0-301F-11D3-BF4B-00C04F79EFBC}") = "Perform_OCR_Azure_Functions", "Perform_OCR_Azure_Functions\Perform_OCR_Azure_Functions.csproj", "{7C0A9ECD-B3E6-4BCC-A751-E7D00FBD1717}"
EndProject
Global
	GlobalSection(SolutionConfigurationPlatforms) = preSolution
		Debug|Any CPU = Debug|Any CPU
		Release|Any CPU = Release|Any CPU
	EndGlobalSection
	GlobalSection(ProjectConfigurationPlatforms) = postSolution
		{7C0A9ECD-B3E6-4BCC-A751-E7D00FBD1717}.Debug|Any CPU.ActiveCfg = Debug|Any CPU
		{7C0A9ECD-B3E6-4BCC-A751-E7D00FBD1717}.Debug|Any CPU.Build.0 = Debug|Any CPU
		{7C0A9ECD-B3E6-4BCC-A751-E7D00FBD1717}.Release|Any CPU.ActiveCfg = Release|Any CPU
		{7C0A9ECD-B3E6-4BCC-A751-E7D00FBD1717}.Release|Any CPU.Build.0 = Release|Any CPU
	EndGlobalSection
	GlobalSection(SolutionProperties) = preSolution
		HideSolutionNode = FALSE
	EndGlobalSection
	GlobalSection(ExtensibilityGlobals) = postSolution
		SolutionGuid = {B93D4FA3-CFE1-4975-8FA6-943811D7F9A8}
	EndGlobalSection
EndGlobal
