
Microsoft Visual Studio Solution File, Format Version 12.00
# Visual Studio Version 16
VisualStudioVersion = 16.0.33130.400
MinimumVisualStudioVersion = 10.0.40219.1
Project("{FAE04EC0-301F-11D3-BF4B-00C04F79EFBC}") = "Perform_OCR_NET_Core", "Perform_OCR_NET_Core\Perform_OCR_NET_Core.csproj", "{ADAB4717-A170-494D-9546-FE97B81EF436}"
EndProject
Global
	GlobalSection(SolutionConfigurationPlatforms) = preSolution
		Debug|Any CPU = Debug|Any CPU
		Release|Any CPU = Release|Any CPU
	EndGlobalSection
	GlobalSection(ProjectConfigurationPlatforms) = postSolution
		{ADAB4717-A170-494D-9546-FE97B81EF436}.Debug|Any CPU.ActiveCfg = Debug|Any CPU
		{ADAB4717-A170-494D-9546-FE97B81EF436}.Debug|Any CPU.Build.0 = Debug|Any CPU
		{ADAB4717-A170-494D-9546-FE97B81EF436}.Release|Any CPU.ActiveCfg = Release|Any CPU
		{ADAB4717-A170-494D-9546-FE97B81EF436}.Release|Any CPU.Build.0 = Release|Any CPU
	EndGlobalSection
	GlobalSection(SolutionProperties) = preSolution
		HideSolutionNode = FALSE
	EndGlobalSection
	GlobalSection(ExtensibilityGlobals) = postSolution
		SolutionGuid = {25BEAFFC-9280-4239-A254-B8E11D2C0722}
	EndGlobalSection
EndGlobal
