
Microsoft Visual Studio Solution File, Format Version 12.00
# Visual Studio Version 17
VisualStudioVersion = 17.3.32901.215
MinimumVisualStudioVersion = 10.0.40219.1
Project("{FAE04EC0-301F-11D3-BF4B-00C04F79EFBC}") = "Perform_OCR_Docker", "Perform_OCR_Docker\Perform_OCR_Docker.csproj", "{E2E1E40F-B1F6-4D31-A932-80FE2B1D0F6F}"
EndProject
Global
	GlobalSection(SolutionConfigurationPlatforms) = preSolution
		Debug|Any CPU = Debug|Any CPU
		Release|Any CPU = Release|Any CPU
	EndGlobalSection
	GlobalSection(ProjectConfigurationPlatforms) = postSolution
		{E2E1E40F-B1F6-4D31-A932-80FE2B1D0F6F}.Debug|Any CPU.ActiveCfg = Debug|Any CPU
		{E2E1E40F-B1F6-4D31-A932-80FE2B1D0F6F}.Debug|Any CPU.Build.0 = Debug|Any CPU
		{E2E1E40F-B1F6-4D31-A932-80FE2B1D0F6F}.Release|Any CPU.ActiveCfg = Release|Any CPU
		{E2E1E40F-B1F6-4D31-A932-80FE2B1D0F6F}.Release|Any CPU.Build.0 = Release|Any CPU
	EndGlobalSection
	GlobalSection(SolutionProperties) = preSolution
		HideSolutionNode = FALSE
	EndGlobalSection
	GlobalSection(ExtensibilityGlobals) = postSolution
		SolutionGuid = {6097AD89-107D-4E72-B370-0FD13B82276C}
	EndGlobalSection
EndGlobal
